// !$*UTF8*$!
{
	archiveVersion = 1;
	classes = {
	};
	objectVersion = 71;
	objects = {

/* Begin PBXBuildFile section */
		A10000000000000000000020 /* AIReasoningSmokeApp.swift in Sources */ = {isa = PBXBuildFile; fileRef = A10000000000000000000010 /* AIReasoningSmokeApp.swift */; };
		A10000000000000000000021 /* ContentView.swift in Sources */ = {isa = PBXBuildFile; fileRef = A10000000000000000000011 /* ContentView.swift */; };
		A10000000000000000000022 /* SmokeConfiguration.swift in Sources */ = {isa = PBXBuildFile; fileRef = A10000000000000000000012 /* SmokeConfiguration.swift */; };
		A10000000000000000000023 /* SmokeViewModel.swift in Sources */ = {isa = PBXBuildFile; fileRef = A10000000000000000000013 /* SmokeViewModel.swift */; };
		A10000000000000000000024 /* AIReasoningCore in Frameworks */ = {isa = PBXBuildFile; productRef = A10000000000000000000060 /* AIReasoningCore */; };
		A10000000000000000000025 /* AIReasoningiSH in Frameworks */ = {isa = PBXBuildFile; productRef = A10000000000000000000061 /* AIReasoningiSH */; };
		A10000000000000000000026 /* AnyLanguageModel in Frameworks */ = {isa = PBXBuildFile; productRef = A10000000000000000000062 /* AnyLanguageModel */; };
		A10000000000000000000027 /* ISHHostBootstrap.swift in Sources */ = {isa = PBXBuildFile; fileRef = A10000000000000000000015 /* ISHHostBootstrap.swift */; };
		A10000000000000000000070 /* AIReasoningSmokeApp.swift in Sources */ = {isa = PBXBuildFile; fileRef = A10000000000000000000010 /* AIReasoningSmokeApp.swift */; };
		A10000000000000000000071 /* ContentView.swift in Sources */ = {isa = PBXBuildFile; fileRef = A10000000000000000000011 /* ContentView.swift */; };
		A10000000000000000000072 /* SmokeConfiguration.swift in Sources */ = {isa = PBXBuildFile; fileRef = A10000000000000000000012 /* SmokeConfiguration.swift */; };
		A10000000000000000000073 /* SmokeViewModel.swift in Sources */ = {isa = PBXBuildFile; fileRef = A10000000000000000000013 /* SmokeViewModel.swift */; };
		A10000000000000000000074 /* ISHHostBootstrap.swift in Sources */ = {isa = PBXBuildFile; fileRef = A10000000000000000000015 /* ISHHostBootstrap.swift */; };
		A10000000000000000000075 /* AIReasoningCore in Frameworks */ = {isa = PBXBuildFile; productRef = A10000000000000000000060 /* AIReasoningCore */; };
		A10000000000000000000076 /* AIReasoningiSH in Frameworks */ = {isa = PBXBuildFile; productRef = A10000000000000000000061 /* AIReasoningiSH */; };
		A10000000000000000000077 /* AnyLanguageModel in Frameworks */ = {isa = PBXBuildFile; productRef = A10000000000000000000062 /* AnyLanguageModel */; };
		A10000000000000000000078 /* AIReasoningiSHHost.xcframework in Frameworks */ = {isa = PBXBuildFile; fileRef = A10000000000000000000017 /* AIReasoningiSHHost.xcframework */; };
		A10000000000000000000079 /* ishsv in Resources */ = {isa = PBXBuildFile; fileRef = A10000000000000000000018 /* ishsv */; };
/* End PBXBuildFile section */

/* Begin PBXFileReference section */
		A10000000000000000000010 /* AIReasoningSmokeApp.swift */ = {isa = PBXFileReference; lastKnownFileType = sourcecode.swift; path = AIReasoningSmokeApp.swift; sourceTree = "<group>"; };
		A10000000000000000000011 /* ContentView.swift */ = {isa = PBXFileReference; lastKnownFileType = sourcecode.swift; path = ContentView.swift; sourceTree = "<group>"; };
		A10000000000000000000012 /* SmokeConfiguration.swift */ = {isa = PBXFileReference; lastKnownFileType = sourcecode.swift; path = SmokeConfiguration.swift; sourceTree = "<group>"; };
		A10000000000000000000013 /* SmokeViewModel.swift */ = {isa = PBXFileReference; lastKnownFileType = sourcecode.swift; path = SmokeViewModel.swift; sourceTree = "<group>"; };
		A10000000000000000000014 /* AIReasoningSmoke.app */ = {isa = PBXFileReference; explicitFileType = wrapper.application; includeInIndex = 0; path = AIReasoningSmoke.app; sourceTree = BUILT_PRODUCTS_DIR; };
		A10000000000000000000015 /* ISHHostBootstrap.swift */ = {isa = PBXFileReference; lastKnownFileType = sourcecode.swift; path = ISHHostBootstrap.swift; sourceTree = "<group>"; };
		A10000000000000000000016 /* AIReasoningiSHHostSmoke.app */ = {isa = PBXFileReference; explicitFileType = wrapper.application; includeInIndex = 0; path = AIReasoningiSHHostSmoke.app; sourceTree = BUILT_PRODUCTS_DIR; };
		A10000000000000000000017 /* AIReasoningiSHHost.xcframework */ = {isa = PBXFileReference; lastKnownFileType = wrapper.xcframework; name = AIReasoningiSHHost.xcframework; path = ../../Artifacts/AIReasoningiSHHost.xcframework; sourceTree = SOURCE_ROOT; };
		A10000000000000000000018 /* ishsv */ = {isa = PBXFileReference; lastKnownFileType = file; name = ishsv; path = ../../Artifacts/ishsv; sourceTree = SOURCE_ROOT; };
/* End PBXFileReference section */

/* Begin PBXFrameworksBuildPhase section */
		A10000000000000000000031 /* Frameworks */ = {
			isa = PBXFrameworksBuildPhase;
			buildActionMask = 2147483647;
			files = (
				A10000000000000000000024 /* AIReasoningCore in Frameworks */,
				A10000000000000000000025 /* AIReasoningiSH in Frameworks */,
				A10000000000000000000026 /* AnyLanguageModel in Frameworks */,
			);
			runOnlyForDeploymentPostprocessing = 0;
		};
		A10000000000000000000081 /* Frameworks */ = {
			isa = PBXFrameworksBuildPhase;
			buildActionMask = 2147483647;
			files = (
				A10000000000000000000075 /* AIReasoningCore in Frameworks */,
				A10000000000000000000076 /* AIReasoningiSH in Frameworks */,
				A10000000000000000000077 /* AnyLanguageModel in Frameworks */,
				A10000000000000000000078 /* AIReasoningiSHHost.xcframework in Frameworks */,
			);
			runOnlyForDeploymentPostprocessing = 0;
		};
/* End PBXFrameworksBuildPhase section */

/* Begin PBXGroup section */
		A10000000000000000000003 = {
			isa = PBXGroup;
			children = (
				A10000000000000000000004 /* AIReasoningSmoke */,
				A10000000000000000000005 /* Products */,
			);
			sourceTree = "<group>";
		};
		A10000000000000000000004 /* AIReasoningSmoke */ = {
			isa = PBXGroup;
			children = (
				A10000000000000000000010 /* AIReasoningSmokeApp.swift */,
				A10000000000000000000011 /* ContentView.swift */,
				A10000000000000000000012 /* SmokeConfiguration.swift */,
				A10000000000000000000013 /* SmokeViewModel.swift */,
				A10000000000000000000015 /* ISHHostBootstrap.swift */,
				A10000000000000000000017 /* AIReasoningiSHHost.xcframework */,
				A10000000000000000000018 /* ishsv */,
			);
			path = AIReasoningSmoke;
			sourceTree = "<group>";
		};
		A10000000000000000000005 /* Products */ = {
			isa = PBXGroup;
			children = (
				A10000000000000000000014 /* AIReasoningSmoke.app */,
				A10000000000000000000016 /* AIReasoningiSHHostSmoke.app */,
			);
			name = Products;
			sourceTree = "<group>";
		};
/* End PBXGroup section */

/* Begin PBXNativeTarget section */
		A10000000000000000000002 /* AIReasoningSmoke */ = {
			isa = PBXNativeTarget;
			buildConfigurationList = A10000000000000000000045 /* Build configuration list for PBXNativeTarget "AIReasoningSmoke" */;
			buildPhases = (
				A10000000000000000000030 /* Sources */,
				A10000000000000000000031 /* Frameworks */,
				A10000000000000000000032 /* Resources */,
			);
			buildRules = (
			);
			dependencies = (
			);
			name = AIReasoningSmoke;
			packageProductDependencies = (
				A10000000000000000000060 /* AIReasoningCore */,
				A10000000000000000000061 /* AIReasoningiSH */,
				A10000000000000000000062 /* AnyLanguageModel */,
			);
			productName = AIReasoningSmoke;
			productReference = A10000000000000000000014 /* AIReasoningSmoke.app */;
			productType = "com.apple.product-type.application";
		};
		A10000000000000000000083 /* AIReasoningiSHHostSmoke */ = {
			isa = PBXNativeTarget;
			buildConfigurationList = A10000000000000000000092 /* Build configuration list for PBXNativeTarget "AIReasoningiSHHostSmoke" */;
			buildPhases = (
				A10000000000000000000080 /* Sources */,
				A10000000000000000000081 /* Frameworks */,
				A10000000000000000000082 /* Resources */,
			);
			buildRules = (
			);
			dependencies = (
			);
			name = AIReasoningiSHHostSmoke;
			packageProductDependencies = (
				A10000000000000000000060 /* AIReasoningCore */,
				A10000000000000000000061 /* AIReasoningiSH */,
				A10000000000000000000062 /* AnyLanguageModel */,
			);
			productName = AIReasoningiSHHostSmoke;
			productReference = A10000000000000000000016 /* AIReasoningiSHHostSmoke.app */;
			productType = "com.apple.product-type.application";
		};
/* End PBXNativeTarget section */

/* Begin PBXProject section */
		A10000000000000000000001 /* Project object */ = {
			isa = PBXProject;
			attributes = {
				BuildIndependentTargetsInParallel = 1;
				LastSwiftUpdateCheck = 1640;
				LastUpgradeCheck = 1640;
				TargetAttributes = {
					A10000000000000000000002 = {
						CreatedOnToolsVersion = 16.4;
					};
					A10000000000000000000083 = {
						CreatedOnToolsVersion = 16.4;
					};
				};
			};
			buildConfigurationList = A10000000000000000000044 /* Build configuration list for PBXProject "AIReasoningSmoke" */;
			compatibilityVersion = "Xcode 16.0";
			developmentRegion = en;
			hasScannedForEncodings = 0;
			knownRegions = (
				en,
				Base,
			);
			mainGroup = A10000000000000000000003;
			minimizedProjectReferenceProxies = 1;
			packageReferences = (
				A10000000000000000000050 /* XCLocalSwiftPackageReference "../.." */,
				A10000000000000000000051 /* XCRemoteSwiftPackageReference "AnyLanguageModel" */,
			);
			productRefGroup = A10000000000000000000005 /* Products */;
			projectDirPath = "";
			projectRoot = "";
			targets = (
				A10000000000000000000002 /* AIReasoningSmoke */,
				A10000000000000000000083 /* AIReasoningiSHHostSmoke */,
			);
		};
/* End PBXProject section */

/* Begin PBXResourcesBuildPhase section */
		A10000000000000000000032 /* Resources */ = {
			isa = PBXResourcesBuildPhase;
			buildActionMask = 2147483647;
			files = (
			);
			runOnlyForDeploymentPostprocessing = 0;
		};
		A10000000000000000000082 /* Resources */ = {
			isa = PBXResourcesBuildPhase;
			buildActionMask = 2147483647;
			files = (
				A10000000000000000000079 /* ishsv in Resources */,
			);
			runOnlyForDeploymentPostprocessing = 0;
		};
/* End PBXResourcesBuildPhase section */

/* Begin PBXSourcesBuildPhase section */
		A10000000000000000000030 /* Sources */ = {
			isa = PBXSourcesBuildPhase;
			buildActionMask = 2147483647;
			files = (
				A10000000000000000000020 /* AIReasoningSmokeApp.swift in Sources */,
				A10000000000000000000021 /* ContentView.swift in Sources */,
				A10000000000000000000022 /* SmokeConfiguration.swift in Sources */,
				A10000000000000000000023 /* SmokeViewModel.swift in Sources */,
				A10000000000000000000027 /* ISHHostBootstrap.swift in Sources */,
			);
			runOnlyForDeploymentPostprocessing = 0;
		};
		A10000000000000000000080 /* Sources */ = {
			isa = PBXSourcesBuildPhase;
			buildActionMask = 2147483647;
			files = (
				A10000000000000000000070 /* AIReasoningSmokeApp.swift in Sources */,
				A10000000000000000000071 /* ContentView.swift in Sources */,
				A10000000000000000000072 /* SmokeConfiguration.swift in Sources */,
				A10000000000000000000073 /* SmokeViewModel.swift in Sources */,
				A10000000000000000000074 /* ISHHostBootstrap.swift in Sources */,
			);
			runOnlyForDeploymentPostprocessing = 0;
		};
/* End PBXSourcesBuildPhase section */

/* Begin XCBuildConfiguration section */
		A10000000000000000000040 /* Debug */ = {
			isa = XCBuildConfiguration;
			buildSettings = {
				ALWAYS_SEARCH_USER_PATHS = NO;
				CLANG_ANALYZER_NONNULL = YES;
				CLANG_ANALYZER_NUMBER_OBJECT_CONVERSION = YES_AGGRESSIVE;
				CLANG_CXX_LANGUAGE_STANDARD = "gnu++20";
				CLANG_ENABLE_MODULES = YES;
				CLANG_ENABLE_OBJC_ARC = YES;
				CLANG_WARN_BLOCK_CAPTURE_AUTORELEASING = YES;
				CLANG_WARN_BOOL_CONVERSION = YES;
				CLANG_WARN_COMMA = YES;
				CLANG_WARN_CONSTANT_CONVERSION = YES;
				CLANG_WARN_DEPRECATED_OBJC_IMPLEMENTATIONS = YES;
				CLANG_WARN_DIRECT_OBJC_ISA_USAGE = YES_ERROR;
				CLANG_WARN_DOCUMENTATION_COMMENTS = YES;
				CLANG_WARN_EMPTY_BODY = YES;
				CLANG_WARN_ENUM_CONVERSION = YES;
				CLANG_WARN_INFINITE_RECURSION = YES;
				CLANG_WARN_INT_CONVERSION = YES;
				CLANG_WARN_NON_LITERAL_NULL_CONVERSION = YES;
				CLANG_WARN_OBJC_IMPLICIT_RETAIN_SELF = YES;
				CLANG_WARN_OBJC_LITERAL_CONVERSION = YES;
				CLANG_WARN_OBJC_ROOT_CLASS = YES_ERROR;
				CLANG_WARN_QUOTED_INCLUDE_IN_FRAMEWORK_HEADER = YES;
				CLANG_WARN_RANGE_LOOP_ANALYSIS = YES;
				CLANG_WARN_STRICT_PROTOTYPES = YES;
				CLANG_WARN_SUSPICIOUS_MOVE = YES;
				CLANG_WARN_UNGUARDED_AVAILABILITY = YES_AGGRESSIVE;
				CLANG_WARN_UNREACHABLE_CODE = YES;
				CLANG_WARN__DUPLICATE_METHOD_MATCH = YES;
				COPY_PHASE_STRIP = NO;
				DEBUG_INFORMATION_FORMAT = dwarf;
				ENABLE_TESTABILITY = YES;
				ENABLE_USER_SCRIPT_SANDBOXING = YES;
				GCC_C_LANGUAGE_STANDARD = gnu17;
				GCC_DYNAMIC_NO_PIC = NO;
				GCC_NO_COMMON_BLOCKS = YES;
				GCC_OPTIMIZATION_LEVEL = 0;
				GCC_PREPROCESSOR_DEFINITIONS = (
					"DEBUG=1",
					"$(inherited)",
				);
				GCC_WARN_64_TO_32_BIT_CONVERSION = YES;
				GCC_WARN_ABOUT_RETURN_TYPE = YES_ERROR;
				GCC_WARN_UNDECLARED_SELECTOR = YES;
				GCC_WARN_UNINITIALIZED_AUTOS = YES_AGGRESSIVE;
				GCC_WARN_UNUSED_FUNCTION = YES;
				GCC_WARN_UNUSED_VARIABLE = YES;
				IPHONEOS_DEPLOYMENT_TARGET = 17.0;
				LOCALIZATION_PREFERS_STRING_CATALOGS = YES;
				MTL_ENABLE_DEBUG_INFO = INCLUDE_SOURCE;
				MTL_FAST_MATH = YES;
				ONLY_ACTIVE_ARCH = YES;
				SDKROOT = iphoneos;
				SWIFT_ACTIVE_COMPILATION_CONDITIONS = "DEBUG $(inherited)";
				SWIFT_OPTIMIZATION_LEVEL = "-Onone";
			};
			name = Debug;
		};
		A10000000000000000000041 /* Release */ = {
			isa = XCBuildConfiguration;
			buildSettings = {
				ALWAYS_SEARCH_USER_PATHS = NO;
				CLANG_ANALYZER_NONNULL = YES;
				CLANG_ANALYZER_NUMBER_OBJECT_CONVERSION = YES_AGGRESSIVE;
				CLANG_CXX_LANGUAGE_STANDARD = "gnu++20";
				CLANG_ENABLE_MODULES = YES;
				CLANG_ENABLE_OBJC_ARC = YES;
				CLANG_WARN_BLOCK_CAPTURE_AUTORELEASING = YES;
				CLANG_WARN_BOOL_CONVERSION = YES;
				CLANG_WARN_COMMA = YES;
				CLANG_WARN_CONSTANT_CONVERSION = YES;
				CLANG_WARN_DEPRECATED_OBJC_IMPLEMENTATIONS = YES;
				CLANG_WARN_DIRECT_OBJC_ISA_USAGE = YES_ERROR;
				CLANG_WARN_DOCUMENTATION_COMMENTS = YES;
				CLANG_WARN_EMPTY_BODY = YES;
				CLANG_WARN_ENUM_CONVERSION = YES;
				CLANG_WARN_INFINITE_RECURSION = YES;
				CLANG_WARN_INT_CONVERSION = YES;
				CLANG_WARN_NON_LITERAL_NULL_CONVERSION = YES;
				CLANG_WARN_OBJC_IMPLICIT_RETAIN_SELF = YES;
				CLANG_WARN_OBJC_LITERAL_CONVERSION = YES;
				CLANG_WARN_OBJC_ROOT_CLASS = YES_ERROR;
				CLANG_WARN_QUOTED_INCLUDE_IN_FRAMEWORK_HEADER = YES;
				CLANG_WARN_RANGE_LOOP_ANALYSIS = YES;
				CLANG_WARN_STRICT_PROTOTYPES = YES;
				CLANG_WARN_SUSPICIOUS_MOVE = YES;
				CLANG_WARN_UNGUARDED_AVAILABILITY = YES_AGGRESSIVE;
				CLANG_WARN_UNREACHABLE_CODE = YES;
				CLANG_WARN__DUPLICATE_METHOD_MATCH = YES;
				COPY_PHASE_STRIP = NO;
				DEBUG_INFORMATION_FORMAT = "dwarf-with-dsym";
				ENABLE_NS_ASSERTIONS = NO;
				ENABLE_USER_SCRIPT_SANDBOXING = YES;
				GCC_C_LANGUAGE_STANDARD = gnu17;
				GCC_NO_COMMON_BLOCKS = YES;
				GCC_WARN_64_TO_32_BIT_CONVERSION = YES;
				GCC_WARN_ABOUT_RETURN_TYPE = YES_ERROR;
				GCC_WARN_UNDECLARED_SELECTOR = YES;
				GCC_WARN_UNINITIALIZED_AUTOS = YES_AGGRESSIVE;
				GCC_WARN_UNUSED_FUNCTION = YES;
				GCC_WARN_UNUSED_VARIABLE = YES;
				IPHONEOS_DEPLOYMENT_TARGET = 17.0;
				LOCALIZATION_PREFERS_STRING_CATALOGS = YES;
				MTL_ENABLE_DEBUG_INFO = NO;
				MTL_FAST_MATH = YES;
				SDKROOT = iphoneos;
				SWIFT_COMPILATION_MODE = wholemodule;
				VALIDATE_PRODUCT = YES;
			};
			name = Release;
		};
		A10000000000000000000042 /* Debug */ = {
			isa = XCBuildConfiguration;
			buildSettings = {
				CODE_SIGN_STYLE = Automatic;
				CURRENT_PROJECT_VERSION = 1;
				DEVELOPMENT_TEAM = WQY45CL427;
				ENABLE_PREVIEWS = YES;
				GENERATE_INFOPLIST_FILE = YES;
				INFOPLIST_KEY_CFBundleDisplayName = "AIReasoning Smoke";
				INFOPLIST_KEY_UIApplicationSceneManifest_Generation = YES;
				INFOPLIST_KEY_UILaunchScreen_Generation = YES;
				INFOPLIST_KEY_UISupportedInterfaceOrientations = "UIInterfaceOrientationPortrait UIInterfaceOrientationPortraitUpsideDown UIInterfaceOrientationLandscapeLeft UIInterfaceOrientationLandscapeRight";
				IPHONEOS_DEPLOYMENT_TARGET = 17.0;
				LD_RUNPATH_SEARCH_PATHS = (
					"$(inherited)",
					"@executable_path/Frameworks",
				);
				MARKETING_VERSION = 1.0;
				PRODUCT_BUNDLE_IDENTIFIER = org.aireasoningcore.smoke;
				PRODUCT_NAME = "$(TARGET_NAME)";
				SUPPORTED_PLATFORMS = "iphoneos iphonesimulator";
				SUPPORTS_MACCATALYST = NO;
				SWIFT_EMIT_LOC_STRINGS = YES;
				SWIFT_STRICT_CONCURRENCY = complete;
				SWIFT_VERSION = 6.0;
				TARGETED_DEVICE_FAMILY = "1,2";
			};
			name = Debug;
		};
		A10000000000000000000043 /* Release */ = {
			isa = XCBuildConfiguration;
			buildSettings = {
				CODE_SIGN_STYLE = Automatic;
				CURRENT_PROJECT_VERSION = 1;
				DEVELOPMENT_TEAM = WQY45CL427;
				ENABLE_PREVIEWS = YES;
				GENERATE_INFOPLIST_FILE = YES;
				INFOPLIST_KEY_CFBundleDisplayName = "AIReasoning Smoke";
				INFOPLIST_KEY_UIApplicationSceneManifest_Generation = YES;
				INFOPLIST_KEY_UILaunchScreen_Generation = YES;
				INFOPLIST_KEY_UISupportedInterfaceOrientations = "UIInterfaceOrientationPortrait UIInterfaceOrientationPortraitUpsideDown UIInterfaceOrientationLandscapeLeft UIInterfaceOrientationLandscapeRight";
				IPHONEOS_DEPLOYMENT_TARGET = 17.0;
				LD_RUNPATH_SEARCH_PATHS = (
					"$(inherited)",
					"@executable_path/Frameworks",
				);
				MARKETING_VERSION = 1.0;
				PRODUCT_BUNDLE_IDENTIFIER = org.aireasoningcore.smoke;
				PRODUCT_NAME = "$(TARGET_NAME)";
				SUPPORTED_PLATFORMS = "iphoneos iphonesimulator";
				SUPPORTS_MACCATALYST = NO;
				SWIFT_EMIT_LOC_STRINGS = YES;
				SWIFT_STRICT_CONCURRENCY = complete;
				SWIFT_VERSION = 6.0;
				TARGETED_DEVICE_FAMILY = "1,2";
			};
			name = Release;
		};
		A10000000000000000000090 /* Debug */ = {
			isa = XCBuildConfiguration;
			buildSettings = {
				ARCHS = arm64;
				CODE_SIGN_STYLE = Automatic;
				CURRENT_PROJECT_VERSION = 1;
				ENABLE_PREVIEWS = NO;
				GENERATE_INFOPLIST_FILE = YES;
				INFOPLIST_KEY_CFBundleDisplayName = "AIReasoning iSH Host Smoke";
				INFOPLIST_KEY_UIApplicationSceneManifest_Generation = YES;
				INFOPLIST_KEY_UILaunchScreen_Generation = YES;
				INFOPLIST_KEY_UISupportedInterfaceOrientations = "UIInterfaceOrientationPortrait UIInterfaceOrientationLandscapeLeft UIInterfaceOrientationLandscapeRight";
				IPHONEOS_DEPLOYMENT_TARGET = 17.0;
				LD_RUNPATH_SEARCH_PATHS = (
					"$(inherited)",
					"@executable_path/Frameworks",
				);
				MARKETING_VERSION = 1.0;
				OTHER_LDFLAGS = (
					"$(inherited)",
					"-lsqlite3",
					"-lz",
				);
				PRODUCT_BUNDLE_IDENTIFIER = "org.aireasoningcore.ish-host-smoke";
				PRODUCT_NAME = "$(TARGET_NAME)";
				SUPPORTED_PLATFORMS = "iphoneos iphonesimulator";
				SUPPORTS_MACCATALYST = NO;
				SWIFT_EMIT_LOC_STRINGS = YES;
				SWIFT_ACTIVE_COMPILATION_CONDITIONS = "$(inherited) AIREASONING_ISH_HOST_SMOKE";
				SWIFT_STRICT_CONCURRENCY = complete;
				SWIFT_VERSION = 6.0;
				TARGETED_DEVICE_FAMILY = "1,2";
			};
			name = Debug;
		};
		A10000000000000000000091 /* Release */ = {
			isa = XCBuildConfiguration;
			buildSettings = {
				ARCHS = arm64;
				CODE_SIGN_STYLE = Automatic;
				CURRENT_PROJECT_VERSION = 1;
				ENABLE_PREVIEWS = NO;
				GENERATE_INFOPLIST_FILE = YES;
				INFOPLIST_KEY_CFBundleDisplayName = "AIReasoning iSH Host Smoke";
				INFOPLIST_KEY_UIApplicationSceneManifest_Generation = YES;
				INFOPLIST_KEY_UILaunchScreen_Generation = YES;
				INFOPLIST_KEY_UISupportedInterfaceOrientations = "UIInterfaceOrientationPortrait UIInterfaceOrientationLandscapeLeft UIInterfaceOrientationLandscapeRight";
				IPHONEOS_DEPLOYMENT_TARGET = 17.0;
				LD_RUNPATH_SEARCH_PATHS = (
					"$(inherited)",
					"@executable_path/Frameworks",
				);
				MARKETING_VERSION = 1.0;
				OTHER_LDFLAGS = (
					"$(inherited)",
					"-lsqlite3",
					"-lz",
				);
				PRODUCT_BUNDLE_IDENTIFIER = "org.aireasoningcore.ish-host-smoke";
				PRODUCT_NAME = "$(TARGET_NAME)";
				SUPPORTED_PLATFORMS = "iphoneos iphonesimulator";
				SUPPORTS_MACCATALYST = NO;
				SWIFT_COMPILATION_MODE = wholemodule;
				SWIFT_EMIT_LOC_STRINGS = YES;
				SWIFT_ACTIVE_COMPILATION_CONDITIONS = "$(inherited) AIREASONING_ISH_HOST_SMOKE";
				SWIFT_STRICT_CONCURRENCY = complete;
				SWIFT_VERSION = 6.0;
				TARGETED_DEVICE_FAMILY = "1,2";
				VALIDATE_PRODUCT = YES;
			};
			name = Release;
		};
/* End XCBuildConfiguration section */

/* Begin XCConfigurationList section */
		A10000000000000000000044 /* Build configuration list for PBXProject "AIReasoningSmoke" */ = {
			isa = XCConfigurationList;
			buildConfigurations = (
				A10000000000000000000040 /* Debug */,
				A10000000000000000000041 /* Release */,
			);
			defaultConfigurationIsVisible = 0;
			defaultConfigurationName = Release;
		};
		A10000000000000000000045 /* Build configuration list for PBXNativeTarget "AIReasoningSmoke" */ = {
			isa = XCConfigurationList;
			buildConfigurations = (
				A10000000000000000000042 /* Debug */,
				A10000000000000000000043 /* Release */,
			);
			defaultConfigurationIsVisible = 0;
			defaultConfigurationName = Release;
		};
		A10000000000000000000092 /* Build configuration list for PBXNativeTarget "AIReasoningiSHHostSmoke" */ = {
			isa = XCConfigurationList;
			buildConfigurations = (
				A10000000000000000000090 /* Debug */,
				A10000000000000000000091 /* Release */,
			);
			defaultConfigurationIsVisible = 0;
			defaultConfigurationName = Release;
		};
/* End XCConfigurationList section */

/* Begin XCLocalSwiftPackageReference section */
		A10000000000000000000050 /* XCLocalSwiftPackageReference "../.." */ = {
			isa = XCLocalSwiftPackageReference;
			relativePath = ../..;
		};
/* End XCLocalSwiftPackageReference section */

/* Begin XCRemoteSwiftPackageReference section */
		A10000000000000000000051 /* XCRemoteSwiftPackageReference "AnyLanguageModel" */ = {
			isa = XCRemoteSwiftPackageReference;
			repositoryURL = "https://github.com/huggingface/AnyLanguageModel.git";
			requirement = {
				kind = exactVersion;
				version = 0.9.0;
			};
		};
/* End XCRemoteSwiftPackageReference section */

/* Begin XCSwiftPackageProductDependency section */
		A10000000000000000000060 /* AIReasoningCore */ = {
			isa = XCSwiftPackageProductDependency;
			package = A10000000000000000000050 /* XCLocalSwiftPackageReference "../.." */;
			productName = AIReasoningCore;
		};
		A10000000000000000000061 /* AIReasoningiSH */ = {
			isa = XCSwiftPackageProductDependency;
			package = A10000000000000000000050 /* XCLocalSwiftPackageReference "../.." */;
			productName = AIReasoningiSH;
		};
		A10000000000000000000062 /* AnyLanguageModel */ = {
			isa = XCSwiftPackageProductDependency;
			package = A10000000000000000000051 /* XCRemoteSwiftPackageReference "AnyLanguageModel" */;
			productName = AnyLanguageModel;
		};
/* End XCSwiftPackageProductDependency section */
	};
	rootObject = A10000000000000000000001 /* Project object */;
}
